
Microsoft Visual Studio Solution File, Format Version 12.00
# Visual Studio 15
VisualStudioVersion = 15.0.28307.1209
MinimumVisualStudioVersion = 10.0.40219.1
Project("{FAE04EC0-301F-11D3-BF4B-00C04F79EFBC}") = "WindowsFormsApp_Cal", "WindowsFormsApp_Cal\WindowsFormsApp_Cal.csproj", "{5E175FEB-244D-4CE5-832A-520C16ADDB88}"
EndProject
Global
	GlobalSection(SolutionConfigurationPlatforms) = preSolution
		Debug|Any CPU = Debug|Any CPU
		Release|Any CPU = Release|Any CPU
	EndGlobalSection
	GlobalSection(ProjectConfigurationPlatforms) = postSolution
		{5E175FEB-244D-4CE5-832A-520C16ADDB88}.Debug|Any CPU.ActiveCfg = Debug|Any CPU
		{5E175FEB-244D-4CE5-832A-520C16ADDB88}.Debug|Any CPU.Build.0 = Debug|Any CPU
		{5E175FEB-244D-4CE5-832A-520C16ADDB88}.Release|Any CPU.ActiveCfg = Release|Any CPU
		{5E175FEB-244D-4CE5-832A-520C16ADDB88}.Release|Any CPU.Build.0 = Release|Any CPU
	EndGlobalSection
	GlobalSection(SolutionProperties) = preSolution
		HideSolutionNode = FALSE
	EndGlobalSection
	GlobalSection(ExtensibilityGlobals) = postSolution
		SolutionGuid = {36C2048B-3CC0-44F3-8598-B4DD3DECC87E}
	EndGlobalSection
EndGlobal
